{
  "lockfile_version": "1",
  "packages": {
    "fd@latest": {
      "last_modified": "2025-11-23T21:50:36Z",
      "resolved": "github:NixOS/nixpkgs/ee09932cedcef15aaf476f9343d1dea2cb77e261#fd",
      "source": "devbox-search",
      "version": "10.3.0",
      "systems": {
        "aarch64-darwin": {
          "outputs": [
            {
              "name": "out",
              "path": "/nix/store/afkk245ihvlsr1wnxk4l8n6wha4f9r4m-fd-10.3.0",
              "default": true
            }
          ],
          "store_path": "/nix/store/afkk245ihvlsr1wnxk4l8n6wha4f9r4m-fd-10.3.0"
        },
        "aarch64-linux": {
          "outputs": [
            {
              "name": "out",
              "path": "/nix/store/n15v3a8dfmccl23r1q5dzwdkah9bvcc4-fd-10.3.0",
              "default": true
            }
          ],
          "store_path": "/nix/store/n15v3a8dfmccl23r1q5dzwdkah9bvcc4-fd-10.3.0"
        },
        "x86_64-darwin": {
          "outputs": [
            {
              "name": "out",
              "path": "/nix/store/kckmjxlfmzx5iwkxbzs57c7hbyb1krsx-fd-10.3.0",
              "default": true
            }
          ],
          "store_path": "/nix/store/kckmjxlfmzx5iwkxbzs57c7hbyb1krsx-fd-10.3.0"
        },
        "x86_64-linux": {
          "outputs": [
            {
              "name": "out",
              "path": "/nix/store/027m34av4nx0246ia2qdbfygzy9dbikw-fd-10.3.0",
              "default": true
            }
          ],
          "store_path": "/nix/store/027m34av4nx0246ia2qdbfygzy9dbikw-fd-10.3.0"
        }
      }
    },
    "github:NixOS/nixpkgs/nixpkgs-unstable": {
      "last_modified": "2026-01-02T14:39:32Z",
      "resolved": "github:NixOS/nixpkgs/16c7794d0a28b5a37904d55bcca36003b9109aaa?lastModified=1767364772&narHash=sha256-fFUnEYMla8b7UKjijLnMe%2BoVFOz6HjijGGNS1l7dYaQ%3D"
    },
    "glow@latest": {
      "last_modified": "2025-11-23T21:50:36Z",
      "resolved": "github:NixOS/nixpkgs/ee09932cedcef15aaf476f9343d1dea2cb77e261#glow",
      "source": "devbox-search",
      "version": "2.1.1",
      "systems": {
        "aarch64-darwin": {
          "outputs": [
            {
              "name": "out",
              "path": "/nix/store/9m6xl4a1wv6i01gllcsnp3rahq1lfrfg-glow-2.1.1",
              "default": true
            }
          ],
          "store_path": "/nix/store/9m6xl4a1wv6i01gllcsnp3rahq1lfrfg-glow-2.1.1"
        },
        "aarch64-linux": {
          "outputs": [
            {
              "name": "out",
              "path": "/nix/store/d798iqfwncn02l5hw5076n30j7r2d3hm-glow-2.1.1",
              "default": true
            }
          ],
          "store_path": "/nix/store/d798iqfwncn02l5hw5076n30j7r2d3hm-glow-2.1.1"
        },
        "x86_64-darwin": {
          "outputs": [
            {
              "name": "out",
              "path": "/nix/store/d1jd0msnyl0cmx6fnfyfmbw70v2ghacs-glow-2.1.1",
              "default": true
            }
          ],
          "store_path": "/nix/store/d1jd0msnyl0cmx6fnfyfmbw70v2ghacs-glow-2.1.1"
        },
        "x86_64-linux": {
          "outputs": [
            {
              "name": "out",
              "path": "/nix/store/k31jk0bvlwx14piw0fd5p90cfk17dmzr-glow-2.1.1",
              "default": true
            }
          ],
          "store_path": "/nix/store/k31jk0bvlwx14piw0fd5p90cfk17dmzr-glow-2.1.1"
        }
      }
    },
    "go@1.25": {
      "last_modified": "2025-11-23T21:50:36Z",
      "resolved": "github:NixOS/nixpkgs/ee09932cedcef15aaf476f9343d1dea2cb77e261#go",
      "source": "devbox-search",
      "version": "1.25.4",
      "systems": {
        "aarch64-darwin": {
          "outputs": [
            {
              "name": "out",
              "path": "/nix/store/52f5kjcmgmvgrz3rij676b3rjmgg5l5g-go-1.25.4",
              "default": true
            }
          ],
          "store_path": "/nix/store/52f5kjcmgmvgrz3rij676b3rjmgg5l5g-go-1.25.4"
        },
        "aarch64-linux": {
          "outputs": [
            {
              "name": "out",
              "path": "/nix/store/2ajrlmz1qdpm9k9ankhnp3973wxg1gqs-go-1.25.4",
              "default": true
            }
          ],
          "store_path": "/nix/store/2ajrlmz1qdpm9k9ankhnp3973wxg1gqs-go-1.25.4"
        },
        "x86_64-darwin": {
          "outputs": [
            {
              "name": "out",
              "path": "/nix/store/1rqpvp45rl4sr1l0czrlbmv8jqj9sa7r-go-1.25.4",
              "default": true
            }
          ],
          "store_path": "/nix/store/1rqpvp45rl4sr1l0czrlbmv8jqj9sa7r-go-1.25.4"
        },
        "x86_64-linux": {
          "outputs": [
            {
              "name": "out",
              "path": "/nix/store/0a3dyfq09dnkw28ap2i450wjimvdmv6s-go-1.25.4",
              "default": true
            }
          ],
          "store_path": "/nix/store/0a3dyfq09dnkw28ap2i450wjimvdmv6s-go-1.25.4"
        }
      }
    },
    "gopls@latest": {
      "last_modified": "2025-12-31T03:27:36Z",
      "resolved": "github:NixOS/nixpkgs/f665af0cdb70ed27e1bd8f9fdfecaf451260fc55#gopls",
      "source": "devbox-search",
      "version": "0.21.0",
      "systems": {
        "aarch64-darwin": {
          "outputs": [
            {
              "name": "out",
              "path": "/nix/store/dmhh3lzqhwic8r8vzwkw07497vdf1zwp-gopls-0.21.0",
              "default": true
            }
          ],
          "store_path": "/nix/store/dmhh3lzqhwic8r8vzwkw07497vdf1zwp-gopls-0.21.0"
        },
        "aarch64-linux": {
          "outputs": [
            {
              "name": "out",
              "path": "/nix/store/x4mys0jx0cj94hqhdy2j6f4axfci7l75-gopls-0.21.0",
              "default": true
            }
          ],
          "store_path": "/nix/store/x4mys0jx0cj94hqhdy2j6f4axfci7l75-gopls-0.21.0"
        },
        "x86_64-darwin": {
          "outputs": [
            {
              "name": "out",
              "path": "/nix/store/8nrwzrx7r4mpp3hbb533m1nvlhbj15kc-gopls-0.21.0",
              "default": true
            }
          ],
          "store_path": "/nix/store/8nrwzrx7r4mpp3hbb533m1nvlhbj15kc-gopls-0.21.0"
        },
        "x86_64-linux": {
          "outputs": [
            {
              "name": "out",
              "path": "/nix/store/maqqwihql23dk4zrblw5fzsdf4ib4snw-gopls-0.21.0",
              "default": true
            }
          ],
          "store_path": "/nix/store/maqqwihql23dk4zrblw5fzsdf4ib4snw-gopls-0.21.0"
        }
      }
    },
    "ripgrep@latest": {
      "last_modified": "2025-11-23T21:50:36Z",
      "resolved": "github:NixOS/nixpkgs/ee09932cedcef15aaf476f9343d1dea2cb77e261#ripgrep",
      "source": "devbox-search",
      "version": "15.1.0",
      "systems": {
        "aarch64-darwin": {
          "outputs": [
            {
              "name": "out",
              "path": "/nix/store/mhv88knw2x5qdnzl7p06wxa9bxrkgghv-ripgrep-15.1.0",
              "default": true
            }
          ],
          "store_path": "/nix/store/mhv88knw2x5qdnzl7p06wxa9bxrkgghv-ripgrep-15.1.0"
        },
        "aarch64-linux": {
          "outputs": [
            {
              "name": "out",
              "path": "/nix/store/qz4k80cgcrz0qhac0jnb19nsjgy21ind-ripgrep-15.1.0",
              "default": true
            }
          ],
          "store_path": "/nix/store/qz4k80cgcrz0qhac0jnb19nsjgy21ind-ripgrep-15.1.0"
        },
        "x86_64-darwin": {
          "outputs": [
            {
              "name": "out",
              "path": "/nix/store/78yl72h892mdxdplmnii400xm5v9ypx4-ripgrep-15.1.0",
              "default": true
            }
          ],
          "store_path": "/nix/store/78yl72h892mdxdplmnii400xm5v9ypx4-ripgrep-15.1.0"
        },
        "x86_64-linux": {
          "outputs": [
            {
              "name": "out",
              "path": "/nix/store/2fngznir58zqpvg2wl7iy5amlsbzhf9p-ripgrep-15.1.0",
              "default": true
            }
          ],
          "store_path": "/nix/store/2fngznir58zqpvg2wl7iy5amlsbzhf9p-ripgrep-15.1.0"
        }
      }
    }
  }
}
